Microsoft Visual Studio Solution File, Format Version 11.00
# Visual Studio 2008

Project("{E009B7D6-9905-F827-B51D-5188619479D3}") = "Genetic Evolution", "Assembly-CSharp.csproj", "{E27542C5-5075-63F7-71B8-467693254032}"
EndProject
Global
	GlobalSection(SolutionConfigurationPlatforms) = preSolution
		Debug|Any CPU = Debug|Any CPU
		Release|Any CPU = Release|Any CPU
	EndGlobalSection
	GlobalSection(ProjectConfigurationPlatforms) = postSolution
		{E27542C5-5075-63F7-71B8-467693254032}.Debug|Any CPU.ActiveCfg = Debug|Any CPU
		{E27542C5-5075-63F7-71B8-467693254032}.Debug|Any CPU.Build.0 = Debug|Any CPU
		{E27542C5-5075-63F7-71B8-467693254032}.Release|Any CPU.ActiveCfg = Release|Any CPU
		{E27542C5-5075-63F7-71B8-467693254032}.Release|Any CPU.Build.0 = Release|Any CPU
	EndGlobalSection
	GlobalSection(SolutionProperties) = preSolution
		HideSolutionNode = FALSE
	EndGlobalSection
	GlobalSection(MonoDevelopProperties) = preSolution
		StartupItem = Assembly-CSharp.csproj
	EndGlobalSection
EndGlobal
