
Microsoft Visual Studio Solution File, Format Version 12.00
# Visual Studio 2013
VisualStudioVersion = 12.0.40629.0
MinimumVisualStudioVersion = 10.0.40219.1
Project("{FAE04EC0-301F-11D3-BF4B-00C04F79EFBC}") = "App.Droid", "App\App.Droid\App.Droid.csproj", "{0D069EC5-D59B-421C-8965-38199F3F1B2A}"
EndProject
Project("{FAE04EC0-301F-11D3-BF4B-00C04F79EFBC}") = "App.iOS", "App\App.iOS\App.iOS.csproj", "{E9581B26-CFAD-4DA8-AA77-3E9B38E56AB5}"
EndProject
Project("{FAE04EC0-301F-11D3-BF4B-00C04F79EFBC}") = "App.WinPhone", "App\App.WinPhone\App.WinPhone.csproj", "{75D1D6C1-6934-4ED1-9126-FF64F923CB55}"
EndProject
Project("{FAE04EC0-301F-11D3-BF4B-00C04F79EFBC}") = "App.Windows", "App\App.Windows\App.Windows.csproj", "{2CF2012D-1E46-4D0F-A1F9-DA47F9AD1C0E}"
EndProject
Project("{FAE04EC0-301F-11D3-BF4B-00C04F79EFBC}") = "App", "App\App\App.csproj", "{03CD4A03-BEE2-422A-851F-C1AD1F8EBA8A}"
EndProject
Global
	GlobalSection(SolutionConfigurationPlatforms) = preSolution
		Ad-Hoc|Any CPU = Ad-Hoc|Any CPU
		Ad-Hoc|ARM = Ad-Hoc|ARM
		Ad-Hoc|iPhone = Ad-Hoc|iPhone
		Ad-Hoc|iPhoneSimulator = Ad-Hoc|iPhoneSimulator
		Ad-Hoc|Mixed Platforms = Ad-Hoc|Mixed Platforms
		Ad-Hoc|x64 = Ad-Hoc|x64
		Ad-Hoc|x86 = Ad-Hoc|x86
		AppStore|Any CPU = AppStore|Any CPU
		AppStore|ARM = AppStore|ARM
		AppStore|iPhone = AppStore|iPhone
		AppStore|iPhoneSimulator = AppStore|iPhoneSimulator
		AppStore|Mixed Platforms = AppStore|Mixed Platforms
		AppStore|x64 = AppStore|x64
		AppStore|x86 = AppStore|x86
		Debug|Any CPU = Debug|Any CPU
		Debug|ARM = Debug|ARM
		Debug|iPhone = Debug|iPhone
		Debug|iPhoneSimulator = Debug|iPhoneSimulator
		Debug|Mixed Platforms = Debug|Mixed Platforms
		Debug|x64 = Debug|x64
		Debug|x86 = Debug|x86
		Release|Any CPU = Release|Any CPU
		Release|ARM = Release|ARM
		Release|iPhone = Release|iPhone
		Release|iPhoneSimulator = Release|iPhoneSimulator
		Release|Mixed Platforms = Release|Mixed Platforms
		Release|x64 = Release|x64
		Release|x86 = Release|x86
	EndGlobalSection
	GlobalSection(ProjectConfigurationPlatforms) = postSolution
		{0D069EC5-D59B-421C-8965-38199F3F1B2A}.Ad-Hoc|Any CPU.ActiveCfg = Release|Any CPU
		{0D069EC5-D59B-421C-8965-38199F3F1B2A}.Ad-Hoc|Any CPU.Build.0 = Release|Any CPU
		{0D069EC5-D59B-421C-8965-38199F3F1B2A}.Ad-Hoc|Any CPU.Deploy.0 = Release|Any CPU
		{0D069EC5-D59B-421C-8965-38199F3F1B2A}.Ad-Hoc|ARM.ActiveCfg = Release|Any CPU
		{0D069EC5-D59B-421C-8965-38199F3F1B2A}.Ad-Hoc|iPhone.ActiveCfg = Release|Any CPU
		{0D069EC5-D59B-421C-8965-38199F3F1B2A}.Ad-Hoc|iPhoneSimulator.ActiveCfg = Release|Any CPU
		{0D069EC5-D59B-421C-8965-38199F3F1B2A}.Ad-Hoc|Mixed Platforms.ActiveCfg = Release|Any CPU
		{0D069EC5-D59B-421C-8965-38199F3F1B2A}.Ad-Hoc|Mixed Platforms.Build.0 = Release|Any CPU
		{0D069EC5-D59B-421C-8965-38199F3F1B2A}.Ad-Hoc|Mixed Platforms.Deploy.0 = Release|Any CPU
		{0D069EC5-D59B-421C-8965-38199F3F1B2A}.Ad-Hoc|x64.ActiveCfg = Release|Any CPU
		{0D069EC5-D59B-421C-8965-38199F3F1B2A}.Ad-Hoc|x86.ActiveCfg = Release|Any CPU
		{0D069EC5-D59B-421C-8965-38199F3F1B2A}.AppStore|Any CPU.ActiveCfg = Release|Any CPU
		{0D069EC5-D59B-421C-8965-38199F3F1B2A}.AppStore|Any CPU.Build.0 = Release|Any CPU
		{0D069EC5-D59B-421C-8965-38199F3F1B2A}.AppStore|Any CPU.Deploy.0 = Release|Any CPU
		{0D069EC5-D59B-421C-8965-38199F3F1B2A}.AppStore|ARM.ActiveCfg = Release|Any CPU
		{0D069EC5-D59B-421C-8965-38199F3F1B2A}.AppStore|iPhone.ActiveCfg = Release|Any CPU
		{0D069EC5-D59B-421C-8965-38199F3F1B2A}.AppStore|iPhoneSimulator.ActiveCfg = Release|Any CPU
		{0D069EC5-D59B-421C-8965-38199F3F1B2A}.AppStore|Mixed Platforms.ActiveCfg = Release|Any CPU
		{0D069EC5-D59B-421C-8965-38199F3F1B2A}.AppStore|Mixed Platforms.Build.0 = Release|Any CPU
		{0D069EC5-D59B-421C-8965-38199F3F1B2A}.AppStore|Mixed Platforms.Deploy.0 = Release|Any CPU
		{0D069EC5-D59B-421C-8965-38199F3F1B2A}.AppStore|x64.ActiveCfg = Release|Any CPU
		{0D069EC5-D59B-421C-8965-38199F3F1B2A}.AppStore|x86.ActiveCfg = Release|Any CPU
		{0D069EC5-D59B-421C-8965-38199F3F1B2A}.Debug|Any CPU.ActiveCfg = Debug|Any CPU
		{0D069EC5-D59B-421C-8965-38199F3F1B2A}.Debug|Any CPU.Build.0 = Debug|Any CPU
		{0D069EC5-D59B-421C-8965-38199F3F1B2A}.Debug|Any CPU.Deploy.0 = Debug|Any CPU
		{0D069EC5-D59B-421C-8965-38199F3F1B2A}.Debug|ARM.ActiveCfg = Debug|Any CPU
		{0D069EC5-D59B-421C-8965-38199F3F1B2A}.Debug|iPhone.ActiveCfg = Debug|Any CPU
		{0D069EC5-D59B-421C-8965-38199F3F1B2A}.Debug|iPhoneSimulator.ActiveCfg = Debug|Any CPU
		{0D069EC5-D59B-421C-8965-38199F3F1B2A}.Debug|Mixed Platforms.ActiveCfg = Debug|Any CPU
		{0D069EC5-D59B-421C-8965-38199F3F1B2A}.Debug|Mixed Platforms.Build.0 = Debug|Any CPU
		{0D069EC5-D59B-421C-8965-38199F3F1B2A}.Debug|Mixed Platforms.Deploy.0 = Debug|Any CPU
		{0D069EC5-D59B-421C-8965-38199F3F1B2A}.Debug|x64.ActiveCfg = Debug|Any CPU
		{0D069EC5-D59B-421C-8965-38199F3F1B2A}.Debug|x86.ActiveCfg = Debug|Any CPU
		{0D069EC5-D59B-421C-8965-38199F3F1B2A}.Release|Any CPU.ActiveCfg = Release|Any CPU
		{0D069EC5-D59B-421C-8965-38199F3F1B2A}.Release|Any CPU.Build.0 = Release|Any CPU
		{0D069EC5-D59B-421C-8965-38199F3F1B2A}.Release|Any CPU.Deploy.0 = Release|Any CPU
		{0D069EC5-D59B-421C-8965-38199F3F1B2A}.Release|ARM.ActiveCfg = Release|Any CPU
		{0D069EC5-D59B-421C-8965-38199F3F1B2A}.Release|iPhone.ActiveCfg = Release|Any CPU
		{0D069EC5-D59B-421C-8965-38199F3F1B2A}.Release|iPhoneSimulator.ActiveCfg = Release|Any CPU
		{0D069EC5-D59B-421C-8965-38199F3F1B2A}.Release|Mixed Platforms.ActiveCfg = Release|Any CPU
		{0D069EC5-D59B-421C-8965-38199F3F1B2A}.Release|Mixed Platforms.Build.0 = Release|Any CPU
		{0D069EC5-D59B-421C-8965-38199F3F1B2A}.Release|Mixed Platforms.Deploy.0 = Release|Any CPU
		{0D069EC5-D59B-421C-8965-38199F3F1B2A}.Release|x64.ActiveCfg = Release|Any CPU
		{0D069EC5-D59B-421C-8965-38199F3F1B2A}.Release|x86.ActiveCfg = Release|Any CPU
		{E9581B26-CFAD-4DA8-AA77-3E9B38E56AB5}.Ad-Hoc|Any CPU.ActiveCfg = Ad-Hoc|iPhone
		{E9581B26-CFAD-4DA8-AA77-3E9B38E56AB5}.Ad-Hoc|ARM.ActiveCfg = Ad-Hoc|iPhone
		{E9581B26-CFAD-4DA8-AA77-3E9B38E56AB5}.Ad-Hoc|iPhone.ActiveCfg = Ad-Hoc|iPhone
		{E9581B26-CFAD-4DA8-AA77-3E9B38E56AB5}.Ad-Hoc|iPhone.Build.0 = Ad-Hoc|iPhone
		{E9581B26-CFAD-4DA8-AA77-3E9B38E56AB5}.Ad-Hoc|iPhoneSimulator.ActiveCfg = Ad-Hoc|iPhoneSimulator
		{E9581B26-CFAD-4DA8-AA77-3E9B38E56AB5}.Ad-Hoc|iPhoneSimulator.Build.0 = Ad-Hoc|iPhoneSimulator
		{E9581B26-CFAD-4DA8-AA77-3E9B38E56AB5}.Ad-Hoc|Mixed Platforms.ActiveCfg = Ad-Hoc|iPhone
		{E9581B26-CFAD-4DA8-AA77-3E9B38E56AB5}.Ad-Hoc|Mixed Platforms.Build.0 = Ad-Hoc|iPhone
		{E9581B26-CFAD-4DA8-AA77-3E9B38E56AB5}.Ad-Hoc|x64.ActiveCfg = Ad-Hoc|iPhone
		{E9581B26-CFAD-4DA8-AA77-3E9B38E56AB5}.Ad-Hoc|x86.ActiveCfg = Ad-Hoc|iPhone
		{E9581B26-CFAD-4DA8-AA77-3E9B38E56AB5}.AppStore|Any CPU.ActiveCfg = AppStore|iPhone
		{E9581B26-CFAD-4DA8-AA77-3E9B38E56AB5}.AppStore|ARM.ActiveCfg = AppStore|iPhone
		{E9581B26-CFAD-4DA8-AA77-3E9B38E56AB5}.AppStore|iPhone.ActiveCfg = AppStore|iPhone
		{E9581B26-CFAD-4DA8-AA77-3E9B38E56AB5}.AppStore|iPhone.Build.0 = AppStore|iPhone
		{E9581B26-CFAD-4DA8-AA77-3E9B38E56AB5}.AppStore|iPhoneSimulator.ActiveCfg = AppStore|iPhoneSimulator
		{E9581B26-CFAD-4DA8-AA77-3E9B38E56AB5}.AppStore|iPhoneSimulator.Build.0 = AppStore|iPhoneSimulator
		{E9581B26-CFAD-4DA8-AA77-3E9B38E56AB5}.AppStore|Mixed Platforms.ActiveCfg = AppStore|iPhone
		{E9581B26-CFAD-4DA8-AA77-3E9B38E56AB5}.AppStore|Mixed Platforms.Build.0 = AppStore|iPhone
		{E9581B26-CFAD-4DA8-AA77-3E9B38E56AB5}.AppStore|x64.ActiveCfg = AppStore|iPhone
		{E9581B26-CFAD-4DA8-AA77-3E9B38E56AB5}.AppStore|x86.ActiveCfg = AppStore|iPhone
		{E9581B26-CFAD-4DA8-AA77-3E9B38E56AB5}.Debug|Any CPU.ActiveCfg = Debug|iPhone
		{E9581B26-CFAD-4DA8-AA77-3E9B38E56AB5}.Debug|ARM.ActiveCfg = Debug|iPhone
		{E9581B26-CFAD-4DA8-AA77-3E9B38E56AB5}.Debug|iPhone.ActiveCfg = Debug|iPhone
		{E9581B26-CFAD-4DA8-AA77-3E9B38E56AB5}.Debug|iPhone.Build.0 = Debug|iPhone
		{E9581B26-CFAD-4DA8-AA77-3E9B38E56AB5}.Debug|iPhoneSimulator.ActiveCfg = Debug|iPhoneSimulator
		{E9581B26-CFAD-4DA8-AA77-3E9B38E56AB5}.Debug|iPhoneSimulator.Build.0 = Debug|iPhoneSimulator
		{E9581B26-CFAD-4DA8-AA77-3E9B38E56AB5}.Debug|Mixed Platforms.ActiveCfg = Debug|iPhone
		{E9581B26-CFAD-4DA8-AA77-3E9B38E56AB5}.Debug|Mixed Platforms.Build.0 = Debug|iPhone
		{E9581B26-CFAD-4DA8-AA77-3E9B38E56AB5}.Debug|x64.ActiveCfg = Debug|iPhone
		{E9581B26-CFAD-4DA8-AA77-3E9B38E56AB5}.Debug|x86.ActiveCfg = Debug|iPhone
		{E9581B26-CFAD-4DA8-AA77-3E9B38E56AB5}.Release|Any CPU.ActiveCfg = Release|iPhone
		{E9581B26-CFAD-4DA8-AA77-3E9B38E56AB5}.Release|ARM.ActiveCfg = Release|iPhone
		{E9581B26-CFAD-4DA8-AA77-3E9B38E56AB5}.Release|iPhone.ActiveCfg = Release|iPhone
		{E9581B26-CFAD-4DA8-AA77-3E9B38E56AB5}.Release|iPhone.Build.0 = Release|iPhone
		{E9581B26-CFAD-4DA8-AA77-3E9B38E56AB5}.Release|iPhoneSimulator.ActiveCfg = Release|iPhoneSimulator
		{E9581B26-CFAD-4DA8-AA77-3E9B38E56AB5}.Release|iPhoneSimulator.Build.0 = Release|iPhoneSimulator
		{E9581B26-CFAD-4DA8-AA77-3E9B38E56AB5}.Release|Mixed Platforms.ActiveCfg = Release|iPhone
		{E9581B26-CFAD-4DA8-AA77-3E9B38E56AB5}.Release|Mixed Platforms.Build.0 = Release|iPhone
		{E9581B26-CFAD-4DA8-AA77-3E9B38E56AB5}.Release|x64.ActiveCfg = Release|iPhone
		{E9581B26-CFAD-4DA8-AA77-3E9B38E56AB5}.Release|x86.ActiveCfg = Release|iPhone
		{75D1D6C1-6934-4ED1-9126-FF64F923CB55}.Ad-Hoc|Any CPU.ActiveCfg = Release|Any CPU
		{75D1D6C1-6934-4ED1-9126-FF64F923CB55}.Ad-Hoc|Any CPU.Build.0 = Release|Any CPU
		{75D1D6C1-6934-4ED1-9126-FF64F923CB55}.Ad-Hoc|Any CPU.Deploy.0 = Release|Any CPU
		{75D1D6C1-6934-4ED1-9126-FF64F923CB55}.Ad-Hoc|ARM.ActiveCfg = Release|ARM
		{75D1D6C1-6934-4ED1-9126-FF64F923CB55}.Ad-Hoc|ARM.Build.0 = Release|ARM
		{75D1D6C1-6934-4ED1-9126-FF64F923CB55}.Ad-Hoc|ARM.Deploy.0 = Release|ARM
		{75D1D6C1-6934-4ED1-9126-FF64F923CB55}.Ad-Hoc|iPhone.ActiveCfg = Release|Any CPU
		{75D1D6C1-6934-4ED1-9126-FF64F923CB55}.Ad-Hoc|iPhoneSimulator.ActiveCfg = Release|Any CPU
		{75D1D6C1-6934-4ED1-9126-FF64F923CB55}.Ad-Hoc|Mixed Platforms.ActiveCfg = Release|x86
		{75D1D6C1-6934-4ED1-9126-FF64F923CB55}.Ad-Hoc|Mixed Platforms.Build.0 = Release|x86
		{75D1D6C1-6934-4ED1-9126-FF64F923CB55}.Ad-Hoc|Mixed Platforms.Deploy.0 = Release|x86
		{75D1D6C1-6934-4ED1-9126-FF64F923CB55}.Ad-Hoc|x64.ActiveCfg = Release|Any CPU
		{75D1D6C1-6934-4ED1-9126-FF64F923CB55}.Ad-Hoc|x86.ActiveCfg = Release|x86
		{75D1D6C1-6934-4ED1-9126-FF64F923CB55}.Ad-Hoc|x86.Build.0 = Release|x86
		{75D1D6C1-6934-4ED1-9126-FF64F923CB55}.Ad-Hoc|x86.Deploy.0 = Release|x86
		{75D1D6C1-6934-4ED1-9126-FF64F923CB55}.AppStore|Any CPU.ActiveCfg = Release|Any CPU
		{75D1D6C1-6934-4ED1-9126-FF64F923CB55}.AppStore|Any CPU.Build.0 = Release|Any CPU
		{75D1D6C1-6934-4ED1-9126-FF64F923CB55}.AppStore|Any CPU.Deploy.0 = Release|Any CPU
		{75D1D6C1-6934-4ED1-9126-FF64F923CB55}.AppStore|ARM.ActiveCfg = Release|ARM
		{75D1D6C1-6934-4ED1-9126-FF64F923CB55}.AppStore|ARM.Build.0 = Release|ARM
		{75D1D6C1-6934-4ED1-9126-FF64F923CB55}.AppStore|ARM.Deploy.0 = Release|ARM
		{75D1D6C1-6934-4ED1-9126-FF64F923CB55}.AppStore|iPhone.ActiveCfg = Release|Any CPU
		{75D1D6C1-6934-4ED1-9126-FF64F923CB55}.AppStore|iPhoneSimulator.ActiveCfg = Release|Any CPU
		{75D1D6C1-6934-4ED1-9126-FF64F923CB55}.AppStore|Mixed Platforms.ActiveCfg = Release|x86
		{75D1D6C1-6934-4ED1-9126-FF64F923CB55}.AppStore|Mixed Platforms.Build.0 = Release|x86
		{75D1D6C1-6934-4ED1-9126-FF64F923CB55}.AppStore|Mixed Platforms.Deploy.0 = Release|x86
		{75D1D6C1-6934-4ED1-9126-FF64F923CB55}.AppStore|x64.ActiveCfg = Release|Any CPU
		{75D1D6C1-6934-4ED1-9126-FF64F923CB55}.AppStore|x86.ActiveCfg = Release|x86
		{75D1D6C1-6934-4ED1-9126-FF64F923CB55}.AppStore|x86.Build.0 = Release|x86
		{75D1D6C1-6934-4ED1-9126-FF64F923CB55}.AppStore|x86.Deploy.0 = Release|x86
		{75D1D6C1-6934-4ED1-9126-FF64F923CB55}.Debug|Any CPU.ActiveCfg = Debug|Any CPU
		{75D1D6C1-6934-4ED1-9126-FF64F923CB55}.Debug|Any CPU.Build.0 = Debug|Any CPU
		{75D1D6C1-6934-4ED1-9126-FF64F923CB55}.Debug|Any CPU.Deploy.0 = Debug|Any CPU
		{75D1D6C1-6934-4ED1-9126-FF64F923CB55}.Debug|ARM.ActiveCfg = Debug|ARM
		{75D1D6C1-6934-4ED1-9126-FF64F923CB55}.Debug|ARM.Build.0 = Debug|ARM
		{75D1D6C1-6934-4ED1-9126-FF64F923CB55}.Debug|ARM.Deploy.0 = Debug|ARM
		{75D1D6C1-6934-4ED1-9126-FF64F923CB55}.Debug|iPhone.ActiveCfg = Debug|Any CPU
		{75D1D6C1-6934-4ED1-9126-FF64F923CB55}.Debug|iPhoneSimulator.ActiveCfg = Debug|Any CPU
		{75D1D6C1-6934-4ED1-9126-FF64F923CB55}.Debug|Mixed Platforms.ActiveCfg = Debug|x86
		{75D1D6C1-6934-4ED1-9126-FF64F923CB55}.Debug|Mixed Platforms.Build.0 = Debug|x86
		{75D1D6C1-6934-4ED1-9126-FF64F923CB55}.Debug|Mixed Platforms.Deploy.0 = Debug|x86
		{75D1D6C1-6934-4ED1-9126-FF64F923CB55}.Debug|x64.ActiveCfg = Debug|Any CPU
		{75D1D6C1-6934-4ED1-9126-FF64F923CB55}.Debug|x86.ActiveCfg = Debug|x86
		{75D1D6C1-6934-4ED1-9126-FF64F923CB55}.Debug|x86.Build.0 = Debug|x86
		{75D1D6C1-6934-4ED1-9126-FF64F923CB55}.Debug|x86.Deploy.0 = Debug|x86
		{75D1D6C1-6934-4ED1-9126-FF64F923CB55}.Release|Any CPU.ActiveCfg = Release|Any CPU
		{75D1D6C1-6934-4ED1-9126-FF64F923CB55}.Release|Any CPU.Build.0 = Release|Any CPU
		{75D1D6C1-6934-4ED1-9126-FF64F923CB55}.Release|Any CPU.Deploy.0 = Release|Any CPU
		{75D1D6C1-6934-4ED1-9126-FF64F923CB55}.Release|ARM.ActiveCfg = Release|ARM
		{75D1D6C1-6934-4ED1-9126-FF64F923CB55}.Release|ARM.Build.0 = Release|ARM
		{75D1D6C1-6934-4ED1-9126-FF64F923CB55}.Release|ARM.Deploy.0 = Release|ARM
		{75D1D6C1-6934-4ED1-9126-FF64F923CB55}.Release|iPhone.ActiveCfg = Release|Any CPU
		{75D1D6C1-6934-4ED1-9126-FF64F923CB55}.Release|iPhoneSimulator.ActiveCfg = Release|Any CPU
		{75D1D6C1-6934-4ED1-9126-FF64F923CB55}.Release|Mixed Platforms.ActiveCfg = Release|x86
		{75D1D6C1-6934-4ED1-9126-FF64F923CB55}.Release|Mixed Platforms.Build.0 = Release|x86
		{75D1D6C1-6934-4ED1-9126-FF64F923CB55}.Release|Mixed Platforms.Deploy.0 = Release|x86
		{75D1D6C1-6934-4ED1-9126-FF64F923CB55}.Release|x64.ActiveCfg = Release|Any CPU
		{75D1D6C1-6934-4ED1-9126-FF64F923CB55}.Release|x86.ActiveCfg = Release|x86
		{75D1D6C1-6934-4ED1-9126-FF64F923CB55}.Release|x86.Build.0 = Release|x86
		{75D1D6C1-6934-4ED1-9126-FF64F923CB55}.Release|x86.Deploy.0 = Release|x86
		{2CF2012D-1E46-4D0F-A1F9-DA47F9AD1C0E}.Ad-Hoc|Any CPU.ActiveCfg = Release|Any CPU
		{2CF2012D-1E46-4D0F-A1F9-DA47F9AD1C0E}.Ad-Hoc|Any CPU.Build.0 = Release|Any CPU
		{2CF2012D-1E46-4D0F-A1F9-DA47F9AD1C0E}.Ad-Hoc|Any CPU.Deploy.0 = Release|Any CPU
		{2CF2012D-1E46-4D0F-A1F9-DA47F9AD1C0E}.Ad-Hoc|ARM.ActiveCfg = Release|ARM
		{2CF2012D-1E46-4D0F-A1F9-DA47F9AD1C0E}.Ad-Hoc|ARM.Build.0 = Release|ARM
		{2CF2012D-1E46-4D0F-A1F9-DA47F9AD1C0E}.Ad-Hoc|ARM.Deploy.0 = Release|ARM
		{2CF2012D-1E46-4D0F-A1F9-DA47F9AD1C0E}.Ad-Hoc|iPhone.ActiveCfg = Release|Any CPU
		{2CF2012D-1E46-4D0F-A1F9-DA47F9AD1C0E}.Ad-Hoc|iPhoneSimulator.ActiveCfg = Release|Any CPU
		{2CF2012D-1E46-4D0F-A1F9-DA47F9AD1C0E}.Ad-Hoc|Mixed Platforms.ActiveCfg = Release|x86
		{2CF2012D-1E46-4D0F-A1F9-DA47F9AD1C0E}.Ad-Hoc|Mixed Platforms.Build.0 = Release|x86
		{2CF2012D-1E46-4D0F-A1F9-DA47F9AD1C0E}.Ad-Hoc|Mixed Platforms.Deploy.0 = Release|x86
		{2CF2012D-1E46-4D0F-A1F9-DA47F9AD1C0E}.Ad-Hoc|x64.ActiveCfg = Release|x64
		{2CF2012D-1E46-4D0F-A1F9-DA47F9AD1C0E}.Ad-Hoc|x64.Build.0 = Release|x64
		{2CF2012D-1E46-4D0F-A1F9-DA47F9AD1C0E}.Ad-Hoc|x64.Deploy.0 = Release|x64
		{2CF2012D-1E46-4D0F-A1F9-DA47F9AD1C0E}.Ad-Hoc|x86.ActiveCfg = Release|x86
		{2CF2012D-1E46-4D0F-A1F9-DA47F9AD1C0E}.Ad-Hoc|x86.Build.0 = Release|x86
		{2CF2012D-1E46-4D0F-A1F9-DA47F9AD1C0E}.Ad-Hoc|x86.Deploy.0 = Release|x86
		{2CF2012D-1E46-4D0F-A1F9-DA47F9AD1C0E}.AppStore|Any CPU.ActiveCfg = Release|Any CPU
		{2CF2012D-1E46-4D0F-A1F9-DA47F9AD1C0E}.AppStore|Any CPU.Build.0 = Release|Any CPU
		{2CF2012D-1E46-4D0F-A1F9-DA47F9AD1C0E}.AppStore|Any CPU.Deploy.0 = Release|Any CPU
		{2CF2012D-1E46-4D0F-A1F9-DA47F9AD1C0E}.AppStore|ARM.ActiveCfg = Release|ARM
		{2CF2012D-1E46-4D0F-A1F9-DA47F9AD1C0E}.AppStore|ARM.Build.0 = Release|ARM
		{2CF2012D-1E46-4D0F-A1F9-DA47F9AD1C0E}.AppStore|ARM.Deploy.0 = Release|ARM
		{2CF2012D-1E46-4D0F-A1F9-DA47F9AD1C0E}.AppStore|iPhone.ActiveCfg = Release|Any CPU
		{2CF2012D-1E46-4D0F-A1F9-DA47F9AD1C0E}.AppStore|iPhoneSimulator.ActiveCfg = Release|Any CPU
		{2CF2012D-1E46-4D0F-A1F9-DA47F9AD1C0E}.AppStore|Mixed Platforms.ActiveCfg = Release|x86
		{2CF2012D-1E46-4D0F-A1F9-DA47F9AD1C0E}.AppStore|Mixed Platforms.Build.0 = Release|x86
		{2CF2012D-1E46-4D0F-A1F9-DA47F9AD1C0E}.AppStore|Mixed Platforms.Deploy.0 = Release|x86
		{2CF2012D-1E46-4D0F-A1F9-DA47F9AD1C0E}.AppStore|x64.ActiveCfg = Release|x64
		{2CF2012D-1E46-4D0F-A1F9-DA47F9AD1C0E}.AppStore|x64.Build.0 = Release|x64
		{2CF2012D-1E46-4D0F-A1F9-DA47F9AD1C0E}.AppStore|x64.Deploy.0 = Release|x64
		{2CF2012D-1E46-4D0F-A1F9-DA47F9AD1C0E}.AppStore|x86.ActiveCfg = Release|x86
		{2CF2012D-1E46-4D0F-A1F9-DA47F9AD1C0E}.AppStore|x86.Build.0 = Release|x86
		{2CF2012D-1E46-4D0F-A1F9-DA47F9AD1C0E}.AppStore|x86.Deploy.0 = Release|x86
		{2CF2012D-1E46-4D0F-A1F9-DA47F9AD1C0E}.Debug|Any CPU.ActiveCfg = Debug|Any CPU
		{2CF2012D-1E46-4D0F-A1F9-DA47F9AD1C0E}.Debug|Any CPU.Build.0 = Debug|Any CPU
		{2CF2012D-1E46-4D0F-A1F9-DA47F9AD1C0E}.Debug|Any CPU.Deploy.0 = Debug|Any CPU
		{2CF2012D-1E46-4D0F-A1F9-DA47F9AD1C0E}.Debug|ARM.ActiveCfg = Debug|ARM
		{2CF2012D-1E46-4D0F-A1F9-DA47F9AD1C0E}.Debug|ARM.Build.0 = Debug|ARM
		{2CF2012D-1E46-4D0F-A1F9-DA47F9AD1C0E}.Debug|ARM.Deploy.0 = Debug|ARM
		{2CF2012D-1E46-4D0F-A1F9-DA47F9AD1C0E}.Debug|iPhone.ActiveCfg = Debug|Any CPU
		{2CF2012D-1E46-4D0F-A1F9-DA47F9AD1C0E}.Debug|iPhoneSimulator.ActiveCfg = Debug|Any CPU
		{2CF2012D-1E46-4D0F-A1F9-DA47F9AD1C0E}.Debug|Mixed Platforms.ActiveCfg = Debug|x86
		{2CF2012D-1E46-4D0F-A1F9-DA47F9AD1C0E}.Debug|Mixed Platforms.Build.0 = Debug|x86
		{2CF2012D-1E46-4D0F-A1F9-DA47F9AD1C0E}.Debug|Mixed Platforms.Deploy.0 = Debug|x86
		{2CF2012D-1E46-4D0F-A1F9-DA47F9AD1C0E}.Debug|x64.ActiveCfg = Debug|x64
		{2CF2012D-1E46-4D0F-A1F9-DA47F9AD1C0E}.Debug|x64.Build.0 = Debug|x64
		{2CF2012D-1E46-4D0F-A1F9-DA47F9AD1C0E}.Debug|x64.Deploy.0 = Debug|x64
		{2CF2012D-1E46-4D0F-A1F9-DA47F9AD1C0E}.Debug|x86.ActiveCfg = Debug|x86
		{2CF2012D-1E46-4D0F-A1F9-DA47F9AD1C0E}.Debug|x86.Build.0 = Debug|x86
		{2CF2012D-1E46-4D0F-A1F9-DA47F9AD1C0E}.Debug|x86.Deploy.0 = Debug|x86
		{2CF2012D-1E46-4D0F-A1F9-DA47F9AD1C0E}.Release|Any CPU.ActiveCfg = Release|Any CPU
		{2CF2012D-1E46-4D0F-A1F9-DA47F9AD1C0E}.Release|Any CPU.Build.0 = Release|Any CPU
		{2CF2012D-1E46-4D0F-A1F9-DA47F9AD1C0E}.Release|Any CPU.Deploy.0 = Release|Any CPU
		{2CF2012D-1E46-4D0F-A1F9-DA47F9AD1C0E}.Release|ARM.ActiveCfg = Release|ARM
		{2CF2012D-1E46-4D0F-A1F9-DA47F9AD1C0E}.Release|ARM.Build.0 = Release|ARM
		{2CF2012D-1E46-4D0F-A1F9-DA47F9AD1C0E}.Release|ARM.Deploy.0 = Release|ARM
		{2CF2012D-1E46-4D0F-A1F9-DA47F9AD1C0E}.Release|iPhone.ActiveCfg = Release|Any CPU
		{2CF2012D-1E46-4D0F-A1F9-DA47F9AD1C0E}.Release|iPhoneSimulator.ActiveCfg = Release|Any CPU
		{2CF2012D-1E46-4D0F-A1F9-DA47F9AD1C0E}.Release|Mixed Platforms.ActiveCfg = Release|x86
		{2CF2012D-1E46-4D0F-A1F9-DA47F9AD1C0E}.Release|Mixed Platforms.Build.0 = Release|x86
		{2CF2012D-1E46-4D0F-A1F9-DA47F9AD1C0E}.Release|Mixed Platforms.Deploy.0 = Release|x86
		{2CF2012D-1E46-4D0F-A1F9-DA47F9AD1C0E}.Release|x64.ActiveCfg = Release|x64
		{2CF2012D-1E46-4D0F-A1F9-DA47F9AD1C0E}.Release|x64.Build.0 = Release|x64
		{2CF2012D-1E46-4D0F-A1F9-DA47F9AD1C0E}.Release|x64.Deploy.0 = Release|x64
		{2CF2012D-1E46-4D0F-A1F9-DA47F9AD1C0E}.Release|x86.ActiveCfg = Release|x86
		{2CF2012D-1E46-4D0F-A1F9-DA47F9AD1C0E}.Release|x86.Build.0 = Release|x86
		{2CF2012D-1E46-4D0F-A1F9-DA47F9AD1C0E}.Release|x86.Deploy.0 = Release|x86
		{03CD4A03-BEE2-422A-851F-C1AD1F8EBA8A}.Ad-Hoc|Any CPU.ActiveCfg = Release|Any CPU
		{03CD4A03-BEE2-422A-851F-C1AD1F8EBA8A}.Ad-Hoc|Any CPU.Build.0 = Release|Any CPU
		{03CD4A03-BEE2-422A-851F-C1AD1F8EBA8A}.Ad-Hoc|ARM.ActiveCfg = Release|Any CPU
		{03CD4A03-BEE2-422A-851F-C1AD1F8EBA8A}.Ad-Hoc|iPhone.ActiveCfg = Release|Any CPU
		{03CD4A03-BEE2-422A-851F-C1AD1F8EBA8A}.Ad-Hoc|iPhoneSimulator.ActiveCfg = Release|Any CPU
		{03CD4A03-BEE2-422A-851F-C1AD1F8EBA8A}.Ad-Hoc|Mixed Platforms.ActiveCfg = Release|Any CPU
		{03CD4A03-BEE2-422A-851F-C1AD1F8EBA8A}.Ad-Hoc|Mixed Platforms.Build.0 = Release|Any CPU
		{03CD4A03-BEE2-422A-851F-C1AD1F8EBA8A}.Ad-Hoc|x64.ActiveCfg = Release|Any CPU
		{03CD4A03-BEE2-422A-851F-C1AD1F8EBA8A}.Ad-Hoc|x86.ActiveCfg = Release|Any CPU
		{03CD4A03-BEE2-422A-851F-C1AD1F8EBA8A}.AppStore|Any CPU.ActiveCfg = Release|Any CPU
		{03CD4A03-BEE2-422A-851F-C1AD1F8EBA8A}.AppStore|Any CPU.Build.0 = Release|Any CPU
		{03CD4A03-BEE2-422A-851F-C1AD1F8EBA8A}.AppStore|ARM.ActiveCfg = Release|Any CPU
		{03CD4A03-BEE2-422A-851F-C1AD1F8EBA8A}.AppStore|iPhone.ActiveCfg = Release|Any CPU
		{03CD4A03-BEE2-422A-851F-C1AD1F8EBA8A}.AppStore|iPhoneSimulator.ActiveCfg = Release|Any CPU
		{03CD4A03-BEE2-422A-851F-C1AD1F8EBA8A}.AppStore|Mixed Platforms.ActiveCfg = Release|Any CPU
		{03CD4A03-BEE2-422A-851F-C1AD1F8EBA8A}.AppStore|Mixed Platforms.Build.0 = Release|Any CPU
		{03CD4A03-BEE2-422A-851F-C1AD1F8EBA8A}.AppStore|x64.ActiveCfg = Release|Any CPU
		{03CD4A03-BEE2-422A-851F-C1AD1F8EBA8A}.AppStore|x86.ActiveCfg = Release|Any CPU
		{03CD4A03-BEE2-422A-851F-C1AD1F8EBA8A}.Debug|Any CPU.ActiveCfg = Debug|Any CPU
		{03CD4A03-BEE2-422A-851F-C1AD1F8EBA8A}.Debug|Any CPU.Build.0 = Debug|Any CPU
		{03CD4A03-BEE2-422A-851F-C1AD1F8EBA8A}.Debug|ARM.ActiveCfg = Debug|Any CPU
		{03CD4A03-BEE2-422A-851F-C1AD1F8EBA8A}.Debug|iPhone.ActiveCfg = Debug|Any CPU
		{03CD4A03-BEE2-422A-851F-C1AD1F8EBA8A}.Debug|iPhoneSimulator.ActiveCfg = Debug|Any CPU
		{03CD4A03-BEE2-422A-851F-C1AD1F8EBA8A}.Debug|Mixed Platforms.ActiveCfg = Debug|Any CPU
		{03CD4A03-BEE2-422A-851F-C1AD1F8EBA8A}.Debug|Mixed Platforms.Build.0 = Debug|Any CPU
		{03CD4A03-BEE2-422A-851F-C1AD1F8EBA8A}.Debug|x64.ActiveCfg = Debug|Any CPU
		{03CD4A03-BEE2-422A-851F-C1AD1F8EBA8A}.Debug|x86.ActiveCfg = Debug|Any CPU
		{03CD4A03-BEE2-422A-851F-C1AD1F8EBA8A}.Release|Any CPU.ActiveCfg = Release|Any CPU
		{03CD4A03-BEE2-422A-851F-C1AD1F8EBA8A}.Release|Any CPU.Build.0 = Release|Any CPU
		{03CD4A03-BEE2-422A-851F-C1AD1F8EBA8A}.Release|ARM.ActiveCfg = Release|Any CPU
		{03CD4A03-BEE2-422A-851F-C1AD1F8EBA8A}.Release|iPhone.ActiveCfg = Release|Any CPU
		{03CD4A03-BEE2-422A-851F-C1AD1F8EBA8A}.Release|iPhoneSimulator.ActiveCfg = Release|Any CPU
		{03CD4A03-BEE2-422A-851F-C1AD1F8EBA8A}.Release|Mixed Platforms.ActiveCfg = Release|Any CPU
		{03CD4A03-BEE2-422A-851F-C1AD1F8EBA8A}.Release|Mixed Platforms.Build.0 = Release|Any CPU
		{03CD4A03-BEE2-422A-851F-C1AD1F8EBA8A}.Release|x64.ActiveCfg = Release|Any CPU
		{03CD4A03-BEE2-422A-851F-C1AD1F8EBA8A}.Release|x86.ActiveCfg = Release|Any CPU
	EndGlobalSection
	GlobalSection(SolutionProperties) = preSolution
		HideSolutionNode = FALSE
	EndGlobalSection
EndGlobal
